// !$*UTF8*$!
{
	archiveVersion = 1;
	classes = {
	};
	objectVersion = 46;
	objects = {

/* Begin PBXBuildFile section */
		689D7BA83DDEFA2B4DEF74B7 /* Pods_ITMVVMDemo.framework in Frameworks */ = {isa = PBXBuildFile; fileRef = 4391F5CE914D45F3BCE3107F /* Pods_ITMVVMDemo.framework */; };
		9C6E40B31CE32CF2002F1A02 /* STData.m in Sources */ = {isa = PBXBuildFile; fileRef = 9C6E40A91CE32CF2002F1A02 /* STData.m */; };
		9C6E40B41CE32CF2002F1A02 /* STHDSTDataBase.m in Sources */ = {isa = PBXBuildFile; fileRef = 9C6E40AC1CE32CF2002F1A02 /* STHDSTDataBase.m */; };
		9C6E40B51CE32CF2002F1A02 /* STItems.m in Sources */ = {isa = PBXBuildFile; fileRef = 9C6E40AE1CE32CF2002F1A02 /* STItems.m */; };
		9C6E40B61CE32CF2002F1A02 /* STSecondMenu.m in Sources */ = {isa = PBXBuildFile; fileRef = 9C6E40B01CE32CF2002F1A02 /* STSecondMenu.m */; };
		9C6E40B71CE32CF2002F1A02 /* STUser.m in Sources */ = {isa = PBXBuildFile; fileRef = 9C6E40B21CE32CF2002F1A02 /* STUser.m */; };
		9C6E40BC1CE3453F002F1A02 /* StyleView.m in Sources */ = {isa = PBXBuildFile; fileRef = 9C6E40BB1CE3453F002F1A02 /* StyleView.m */; };
		9C6E40BF1CE34554002F1A02 /* ThemeView.m in Sources */ = {isa = PBXBuildFile; fileRef = 9C6E40BE1CE34554002F1A02 /* ThemeView.m */; };
		9C8F4E541CB77CCF002716BD /* Like@2x.png in Resources */ = {isa = PBXBuildFile; fileRef = 9C8F4E521CB77CCF002716BD /* Like@2x.png */; };
		9C8F4E551CB77CCF002716BD /* Like@3x.png in Resources */ = {isa = PBXBuildFile; fileRef = 9C8F4E531CB77CCF002716BD /* Like@3x.png */; };
		9C93DB311CB3E37100FD58E7 /* NetRequestClass.m in Sources */ = {isa = PBXBuildFile; fileRef = 9C93DB301CB3E37100FD58E7 /* NetRequestClass.m */; };
		9C93DB341CB4A38900FD58E7 /* RequestClient.m in Sources */ = {isa = PBXBuildFile; fileRef = 9C93DB331CB4A38900FD58E7 /* RequestClient.m */; };
		9C93DB471CB4BEBA00FD58E7 /* HDAuthor.m in Sources */ = {isa = PBXBuildFile; fileRef = 9C93DB381CB4BEBA00FD58E7 /* HDAuthor.m */; };
		9C93DB481CB4BEBA00FD58E7 /* HDContent.m in Sources */ = {isa = PBXBuildFile; fileRef = 9C93DB3A1CB4BEBA00FD58E7 /* HDContent.m */; };
		9C93DB491CB4BEBA00FD58E7 /* HDContents.m in Sources */ = {isa = PBXBuildFile; fileRef = 9C93DB3C1CB4BEBA00FD58E7 /* HDContents.m */; };
		9C93DB4A1CB4BEBA00FD58E7 /* HDCursor.m in Sources */ = {isa = PBXBuildFile; fileRef = 9C93DB3E1CB4BEBA00FD58E7 /* HDCursor.m */; };
		9C93DB4B1CB4BEBA00FD58E7 /* HDHDBasicClass.m in Sources */ = {isa = PBXBuildFile; fileRef = 9C93DB401CB4BEBA00FD58E7 /* HDHDBasicClass.m */; };
		9C93DB4C1CB4BEBA00FD58E7 /* HDImage.m in Sources */ = {isa = PBXBuildFile; fileRef = 9C93DB421CB4BEBA00FD58E7 /* HDImage.m */; };
		9C93DB4D1CB4BEBA00FD58E7 /* HDIssues.m in Sources */ = {isa = PBXBuildFile; fileRef = 9C93DB441CB4BEBA00FD58E7 /* HDIssues.m */; };
		9C93DB4E1CB4BEBA00FD58E7 /* HDItems.m in Sources */ = {isa = PBXBuildFile; fileRef = 9C93DB461CB4BEBA00FD58E7 /* HDItems.m */; };
		9C93DB511CB4D6FB00FD58E7 /* ViewModelClass.m in Sources */ = {isa = PBXBuildFile; fileRef = 9C93DB501CB4D6FB00FD58E7 /* ViewModelClass.m */; };
		9C93DB551CB4D96900FD58E7 /* PublicProductModelClass.m in Sources */ = {isa = PBXBuildFile; fileRef = 9C93DB541CB4D96900FD58E7 /* PublicProductModelClass.m */; };
		9C93DB591CB5E60900FD58E7 /* PIViewController.m in Sources */ = {isa = PBXBuildFile; fileRef = 9C93DB581CB5E60900FD58E7 /* PIViewController.m */; };
		9C93DB5F1CB6060500FD58E7 /* ProductItemCell.m in Sources */ = {isa = PBXBuildFile; fileRef = 9C93DB5E1CB6060500FD58E7 /* ProductItemCell.m */; };
		9C93DB641CB60CF100FD58E7 /* ff_IconShowAlbum.png in Resources */ = {isa = PBXBuildFile; fileRef = 9C93DB611CB60CF100FD58E7 /* ff_IconShowAlbum.png */; };
		9C93DB651CB60CF100FD58E7 /* ff_IconShowAlbum@2x.png in Resources */ = {isa = PBXBuildFile; fileRef = 9C93DB621CB60CF100FD58E7 /* ff_IconShowAlbum@2x.png */; };
		9C93DB661CB60CF100FD58E7 /* ff_IconShowAlbum@3x.png in Resources */ = {isa = PBXBuildFile; fileRef = 9C93DB631CB60CF100FD58E7 /* ff_IconShowAlbum@3x.png */; };
		9C99BB661CE1D8D900885265 /* BXTabBar.m in Sources */ = {isa = PBXBuildFile; fileRef = 9C99BB611CE1D8D900885265 /* BXTabBar.m */; };
		9C99BB671CE1D8D900885265 /* BXTabBarBigButton.m in Sources */ = {isa = PBXBuildFile; fileRef = 9C99BB631CE1D8D900885265 /* BXTabBarBigButton.m */; };
		9C99BB681CE1D8D900885265 /* BXTabBarButton.m in Sources */ = {isa = PBXBuildFile; fileRef = 9C99BB651CE1D8D900885265 /* BXTabBarButton.m */; };
		9C99BB6C1CE1D93800885265 /* ITIntroductionVC.m in Sources */ = {isa = PBXBuildFile; fileRef = 9C99BB6B1CE1D93800885265 /* ITIntroductionVC.m */; };
		9C99BB721CE1DDC000885265 /* HomeVC.m in Sources */ = {isa = PBXBuildFile; fileRef = 9C99BB711CE1DDC000885265 /* HomeVC.m */; };
		9C99BB751CE1DDE300885265 /* SetVC.m in Sources */ = {isa = PBXBuildFile; fileRef = 9C99BB741CE1DDE300885265 /* SetVC.m */; };
		9C99BB781CE1DDFB00885265 /* ShoppingVC.m in Sources */ = {isa = PBXBuildFile; fileRef = 9C99BB771CE1DDFB00885265 /* ShoppingVC.m */; };
		9C99BB7C1CE1DEEB00885265 /* ITTabBarVC.m in Sources */ = {isa = PBXBuildFile; fileRef = 9C99BB7B1CE1DEEB00885265 /* ITTabBarVC.m */; };
		9C99BB7F1CE1DF3000885265 /* ITNavigationController.m in Sources */ = {isa = PBXBuildFile; fileRef = 9C99BB7E1CE1DF3000885265 /* ITNavigationController.m */; };
		9C99BBA21CE1E16600885265 /* Foundation+Log.m in Sources */ = {isa = PBXBuildFile; fileRef = 9C99BB821CE1E16600885265 /* Foundation+Log.m */; };
		9C99BBA31CE1E16600885265 /* NSDate+Extension.m in Sources */ = {isa = PBXBuildFile; fileRef = 9C99BB841CE1E16600885265 /* NSDate+Extension.m */; };
		9C99BBA41CE1E16600885265 /* NSDictionary+Extension.m in Sources */ = {isa = PBXBuildFile; fileRef = 9C99BB861CE1E16600885265 /* NSDictionary+Extension.m */; };
		9C99BBA51CE1E16600885265 /* NSString+BXExtension.m in Sources */ = {isa = PBXBuildFile; fileRef = 9C99BB881CE1E16600885265 /* NSString+BXExtension.m */; };
		9C99BBA61CE1E16600885265 /* UIApplication+Extensions.m in Sources */ = {isa = PBXBuildFile; fileRef = 9C99BB8A1CE1E16600885265 /* UIApplication+Extensions.m */; };
		9C99BBA71CE1E16600885265 /* UIBarButtonItem+Extension.m in Sources */ = {isa = PBXBuildFile; fileRef = 9C99BB8C1CE1E16600885265 /* UIBarButtonItem+Extension.m */; };
		9C99BBA81CE1E16600885265 /* UIButton+Extension.m in Sources */ = {isa = PBXBuildFile; fileRef = 9C99BB8E1CE1E16600885265 /* UIButton+Extension.m */; };
		9C99BBA91CE1E16600885265 /* UIDevice+DeviceType.m in Sources */ = {isa = PBXBuildFile; fileRef = 9C99BB901CE1E16600885265 /* UIDevice+DeviceType.m */; };
		9C99BBAA1CE1E16600885265 /* UIFont+Extension.m in Sources */ = {isa = PBXBuildFile; fileRef = 9C99BB921CE1E16600885265 /* UIFont+Extension.m */; };
		9C99BBAB1CE1E16600885265 /* UIImage+Extension.m in Sources */ = {isa = PBXBuildFile; fileRef = 9C99BB941CE1E16600885265 /* UIImage+Extension.m */; };
		9C99BBAC1CE1E16600885265 /* UIImage+ScreenShot.m in Sources */ = {isa = PBXBuildFile; fileRef = 9C99BB961CE1E16600885265 /* UIImage+ScreenShot.m */; };
		9C99BBAD1CE1E16600885265 /* UILabel+Extension.m in Sources */ = {isa = PBXBuildFile; fileRef = 9C99BB981CE1E16600885265 /* UILabel+Extension.m */; };
		9C99BBAE1CE1E16600885265 /* UIScreen+Extension.m in Sources */ = {isa = PBXBuildFile; fileRef = 9C99BB9A1CE1E16600885265 /* UIScreen+Extension.m */; };
		9C99BBAF1CE1E16600885265 /* UITextControl+FaultTolerance.m in Sources */ = {isa = PBXBuildFile; fileRef = 9C99BB9B1CE1E16600885265 /* UITextControl+FaultTolerance.m */; };
		9C99BBB01CE1E16600885265 /* UIView+Extension.m in Sources */ = {isa = PBXBuildFile; fileRef = 9C99BB9D1CE1E16600885265 /* UIView+Extension.m */; };
		9C99BBB11CE1E16600885265 /* UIView+IBExtension.m in Sources */ = {isa = PBXBuildFile; fileRef = 9C99BB9F1CE1E16600885265 /* UIView+IBExtension.m */; };
		9C99BBB21CE1E16600885265 /* UIView+Runtime.m in Sources */ = {isa = PBXBuildFile; fileRef = 9C99BBA11CE1E16600885265 /* UIView+Runtime.m */; };
		9C9B45E31CAE783500A032BA /* main.m in Sources */ = {isa = PBXBuildFile; fileRef = 9C9B45E21CAE783500A032BA /* main.m */; };
		9C9B45E61CAE783500A032BA /* AppDelegate.m in Sources */ = {isa = PBXBuildFile; fileRef = 9C9B45E51CAE783500A032BA /* AppDelegate.m */; };
		9C9B45EC1CAE783500A032BA /* Main.storyboard in Resources */ = {isa = PBXBuildFile; fileRef = 9C9B45EA1CAE783500A032BA /* Main.storyboard */; };
		9C9B45EE1CAE783500A032BA /* Assets.xcassets in Resources */ = {isa = PBXBuildFile; fileRef = 9C9B45ED1CAE783500A032BA /* Assets.xcassets */; };
		9C9B45F11CAE783500A032BA /* LaunchScreen.storyboard in Resources */ = {isa = PBXBuildFile; fileRef = 9C9B45EF1CAE783500A032BA /* LaunchScreen.storyboard */; };
		9C9B46051CAE867700A032BA /* MainViewController.m in Sources */ = {isa = PBXBuildFile; fileRef = 9C9B46041CAE867700A032BA /* MainViewController.m */; };
/* End PBXBuildFile section */

/* Begin PBXFileReference section */
		4391F5CE914D45F3BCE3107F /* Pods_ITMVVMDemo.framework */ = {isa = PBXFileReference; explicitFileType = wrapper.framework; includeInIndex = 0; path = Pods_ITMVVMDemo.framework; sourceTree = BUILT_PRODUCTS_DIR; };
		807FB9237CD6253BF592BD37 /* Pods-ITMVVMDemo.release.xcconfig */ = {isa = PBXFileReference; includeInIndex = 1; lastKnownFileType = text.xcconfig; name = "Pods-ITMVVMDemo.release.xcconfig"; path = "Pods/Target Support Files/Pods-ITMVVMDemo/Pods-ITMVVMDemo.release.xcconfig"; sourceTree = "<group>"; };
		9C6E40A81CE32CF2002F1A02 /* STData.h */ = {isa = PBXFileReference; fileEncoding = 4; lastKnownFileType = sourcecode.c.h; path = STData.h; sourceTree = "<group>"; };
		9C6E40A91CE32CF2002F1A02 /* STData.m */ = {isa = PBXFileReference; fileEncoding = 4; lastKnownFileType = sourcecode.c.objc; path = STData.m; sourceTree = "<group>"; };
		9C6E40AA1CE32CF2002F1A02 /* STDataModels.h */ = {isa = PBXFileReference; fileEncoding = 4; lastKnownFileType = sourcecode.c.h; path = STDataModels.h; sourceTree = "<group>"; };
		9C6E40AB1CE32CF2002F1A02 /* STHDSTDataBase.h */ = {isa = PBXFileReference; fileEncoding = 4; lastKnownFileType = sourcecode.c.h; path = STHDSTDataBase.h; sourceTree = "<group>"; };
		9C6E40AC1CE32CF2002F1A02 /* STHDSTDataBase.m */ = {isa = PBXFileReference; fileEncoding = 4; lastKnownFileType = sourcecode.c.objc; path = STHDSTDataBase.m; sourceTree = "<group>"; };
		9C6E40AD1CE32CF2002F1A02 /* STItems.h */ = {isa = PBXFileReference; fileEncoding = 4; lastKnownFileType = sourcecode.c.h; path = STItems.h; sourceTree = "<group>"; };
		9C6E40AE1CE32CF2002F1A02 /* STItems.m */ = {isa = PBXFileReference; fileEncoding = 4; lastKnownFileType = sourcecode.c.objc; path = STItems.m; sourceTree = "<group>"; };
		9C6E40AF1CE32CF2002F1A02 /* STSecondMenu.h */ = {isa = PBXFileReference; fileEncoding = 4; lastKnownFileType = sourcecode.c.h; path = STSecondMenu.h; sourceTree = "<group>"; };
		9C6E40B01CE32CF2002F1A02 /* STSecondMenu.m */ = {isa = PBXFileReference; fileEncoding = 4; lastKnownFileType = sourcecode.c.objc; path = STSecondMenu.m; sourceTree = "<group>"; };
		9C6E40B11CE32CF2002F1A02 /* STUser.h */ = {isa = PBXFileReference; fileEncoding = 4; lastKnownFileType = sourcecode.c.h; path = STUser.h; sourceTree = "<group>"; };
		9C6E40B21CE32CF2002F1A02 /* STUser.m */ = {isa = PBXFileReference; fileEncoding = 4; lastKnownFileType = sourcecode.c.objc; path = STUser.m; sourceTree = "<group>"; };
		9C6E40BA1CE3453F002F1A02 /* StyleView.h */ = {isa = PBXFileReference; fileEncoding = 4; lastKnownFileType = sourcecode.c.h; path = StyleView.h; sourceTree = "<group>"; };
		9C6E40BB1CE3453F002F1A02 /* StyleView.m */ = {isa = PBXFileReference; fileEncoding = 4; lastKnownFileType = sourcecode.c.objc; path = StyleView.m; sourceTree = "<group>"; };
		9C6E40BD1CE34554002F1A02 /* ThemeView.h */ = {isa = PBXFileReference; fileEncoding = 4; lastKnownFileType = sourcecode.c.h; path = ThemeView.h; sourceTree = "<group>"; };
		9C6E40BE1CE34554002F1A02 /* ThemeView.m */ = {isa = PBXFileReference; fileEncoding = 4; lastKnownFileType = sourcecode.c.objc; path = ThemeView.m; sourceTree = "<group>"; };
		9C8F4E521CB77CCF002716BD /* Like@2x.png */ = {isa = PBXFileReference; lastKnownFileType = image.png; path = "Like@2x.png"; sourceTree = "<group>"; };
		9C8F4E531CB77CCF002716BD /* Like@3x.png */ = {isa = PBXFileReference; lastKnownFileType = image.png; path = "Like@3x.png"; sourceTree = "<group>"; };
		9C93DB2F1CB3E37100FD58E7 /* NetRequestClass.h */ = {isa = PBXFileReference; fileEncoding = 4; lastKnownFileType = sourcecode.c.h; path = NetRequestClass.h; sourceTree = "<group>"; };
		9C93DB301CB3E37100FD58E7 /* NetRequestClass.m */ = {isa = PBXFileReference; fileEncoding = 4; lastKnownFileType = sourcecode.c.objc; path = NetRequestClass.m; sourceTree = "<group>"; };
		9C93DB321CB4A38900FD58E7 /* RequestClient.h */ = {isa = PBXFileReference; fileEncoding = 4; lastKnownFileType = sourcecode.c.h; path = RequestClient.h; sourceTree = "<group>"; };
		9C93DB331CB4A38900FD58E7 /* RequestClient.m */ = {isa = PBXFileReference; fileEncoding = 4; lastKnownFileType = sourcecode.c.objc; path = RequestClient.m; sourceTree = "<group>"; };
		9C93DB361CB4BEBA00FD58E7 /* DataModels.h */ = {isa = PBXFileReference; fileEncoding = 4; lastKnownFileType = sourcecode.c.h; path = DataModels.h; sourceTree = "<group>"; };
		9C93DB371CB4BEBA00FD58E7 /* HDAuthor.h */ = {isa = PBXFileReference; fileEncoding = 4; lastKnownFileType = sourcecode.c.h; path = HDAuthor.h; sourceTree = "<group>"; };
		9C93DB381CB4BEBA00FD58E7 /* HDAuthor.m */ = {isa = PBXFileReference; fileEncoding = 4; lastKnownFileType = sourcecode.c.objc; path = HDAuthor.m; sourceTree = "<group>"; };
		9C93DB391CB4BEBA00FD58E7 /* HDContent.h */ = {isa = PBXFileReference; fileEncoding = 4; lastKnownFileType = sourcecode.c.h; path = HDContent.h; sourceTree = "<group>"; };
		9C93DB3A1CB4BEBA00FD58E7 /* HDContent.m */ = {isa = PBXFileReference; fileEncoding = 4; lastKnownFileType = sourcecode.c.objc; path = HDContent.m; sourceTree = "<group>"; };
		9C93DB3B1CB4BEBA00FD58E7 /* HDContents.h */ = {isa = PBXFileReference; fileEncoding = 4; lastKnownFileType = sourcecode.c.h; path = HDContents.h; sourceTree = "<group>"; };
		9C93DB3C1CB4BEBA00FD58E7 /* HDContents.m */ = {isa = PBXFileReference; fileEncoding = 4; lastKnownFileType = sourcecode.c.objc; path = HDContents.m; sourceTree = "<group>"; };
		9C93DB3D1CB4BEBA00FD58E7 /* HDCursor.h */ = {isa = PBXFileReference; fileEncoding = 4; lastKnownFileType = sourcecode.c.h; path = HDCursor.h; sourceTree = "<group>"; };
		9C93DB3E1CB4BEBA00FD58E7 /* HDCursor.m */ = {isa = PBXFileReference; fileEncoding = 4; lastKnownFileType = sourcecode.c.objc; path = HDCursor.m; sourceTree = "<group>"; };
		9C93DB3F1CB4BEBA00FD58E7 /* HDHDBasicClass.h */ = {isa = PBXFileReference; fileEncoding = 4; lastKnownFileType = sourcecode.c.h; path = HDHDBasicClass.h; sourceTree = "<group>"; };
		9C93DB401CB4BEBA00FD58E7 /* HDHDBasicClass.m */ = {isa = PBXFileReference; fileEncoding = 4; lastKnownFileType = sourcecode.c.objc; path = HDHDBasicClass.m; sourceTree = "<group>"; };
		9C93DB411CB4BEBA00FD58E7 /* HDImage.h */ = {isa = PBXFileReference; fileEncoding = 4; lastKnownFileType = sourcecode.c.h; path = HDImage.h; sourceTree = "<group>"; };
		9C93DB421CB4BEBA00FD58E7 /* HDImage.m */ = {isa = PBXFileReference; fileEncoding = 4; lastKnownFileType = sourcecode.c.objc; path = HDImage.m; sourceTree = "<group>"; };
		9C93DB431CB4BEBA00FD58E7 /* HDIssues.h */ = {isa = PBXFileReference; fileEncoding = 4; lastKnownFileType = sourcecode.c.h; path = HDIssues.h; sourceTree = "<group>"; };
		9C93DB441CB4BEBA00FD58E7 /* HDIssues.m */ = {isa = PBXFileReference; fileEncoding = 4; lastKnownFileType = sourcecode.c.objc; path = HDIssues.m; sourceTree = "<group>"; };
		9C93DB451CB4BEBA00FD58E7 /* HDItems.h */ = {isa = PBXFileReference; fileEncoding = 4; lastKnownFileType = sourcecode.c.h; path = HDItems.h; sourceTree = "<group>"; };
		9C93DB461CB4BEBA00FD58E7 /* HDItems.m */ = {isa = PBXFileReference; fileEncoding = 4; lastKnownFileType = sourcecode.c.objc; path = HDItems.m; sourceTree = "<group>"; };
		9C93DB4F1CB4D6FB00FD58E7 /* ViewModelClass.h */ = {isa = PBXFileReference; fileEncoding = 4; lastKnownFileType = sourcecode.c.h; path = ViewModelClass.h; sourceTree = "<group>"; };
		9C93DB501CB4D6FB00FD58E7 /* ViewModelClass.m */ = {isa = PBXFileReference; fileEncoding = 4; lastKnownFileType = sourcecode.c.objc; path = ViewModelClass.m; sourceTree = "<group>"; };
		9C93DB531CB4D96900FD58E7 /* PublicProductModelClass.h */ = {isa = PBXFileReference; fileEncoding = 4; lastKnownFileType = sourcecode.c.h; path = PublicProductModelClass.h; sourceTree = "<group>"; };
		9C93DB541CB4D96900FD58E7 /* PublicProductModelClass.m */ = {isa = PBXFileReference; fileEncoding = 4; lastKnownFileType = sourcecode.c.objc; path = PublicProductModelClass.m; sourceTree = "<group>"; };
		9C93DB571CB5E60900FD58E7 /* PIViewController.h */ = {isa = PBXFileReference; fileEncoding = 4; lastKnownFileType = sourcecode.c.h; path = PIViewController.h; sourceTree = "<group>"; };
		9C93DB581CB5E60900FD58E7 /* PIViewController.m */ = {isa = PBXFileReference; fileEncoding = 4; lastKnownFileType = sourcecode.c.objc; path = PIViewController.m; sourceTree = "<group>"; };
		9C93DB5D1CB6060500FD58E7 /* ProductItemCell.h */ = {isa = PBXFileReference; fileEncoding = 4; lastKnownFileType = sourcecode.c.h; path = ProductItemCell.h; sourceTree = "<group>"; };
		9C93DB5E1CB6060500FD58E7 /* ProductItemCell.m */ = {isa = PBXFileReference; fileEncoding = 4; lastKnownFileType = sourcecode.c.objc; path = ProductItemCell.m; sourceTree = "<group>"; };
		9C93DB611CB60CF100FD58E7 /* ff_IconShowAlbum.png */ = {isa = PBXFileReference; lastKnownFileType = image.png; path = ff_IconShowAlbum.png; sourceTree = "<group>"; };
		9C93DB621CB60CF100FD58E7 /* ff_IconShowAlbum@2x.png */ = {isa = PBXFileReference; lastKnownFileType = image.png; path = "ff_IconShowAlbum@2x.png"; sourceTree = "<group>"; };
		9C93DB631CB60CF100FD58E7 /* ff_IconShowAlbum@3x.png */ = {isa = PBXFileReference; lastKnownFileType = image.png; path = "ff_IconShowAlbum@3x.png"; sourceTree = "<group>"; };
		9C99BB601CE1D8D900885265 /* BXTabBar.h */ = {isa = PBXFileReference; fileEncoding = 4; lastKnownFileType = sourcecode.c.h; path = BXTabBar.h; sourceTree = "<group>"; };
		9C99BB611CE1D8D900885265 /* BXTabBar.m */ = {isa = PBXFileReference; fileEncoding = 4; lastKnownFileType = sourcecode.c.objc; path = BXTabBar.m; sourceTree = "<group>"; };
		9C99BB621CE1D8D900885265 /* BXTabBarBigButton.h */ = {isa = PBXFileReference; fileEncoding = 4; lastKnownFileType = sourcecode.c.h; path = BXTabBarBigButton.h; sourceTree = "<group>"; };
		9C99BB631CE1D8D900885265 /* BXTabBarBigButton.m */ = {isa = PBXFileReference; fileEncoding = 4; lastKnownFileType = sourcecode.c.objc; path = BXTabBarBigButton.m; sourceTree = "<group>"; };
		9C99BB641CE1D8D900885265 /* BXTabBarButton.h */ = {isa = PBXFileReference; fileEncoding = 4; lastKnownFileType = sourcecode.c.h; path = BXTabBarButton.h; sourceTree = "<group>"; };
		9C99BB651CE1D8D900885265 /* BXTabBarButton.m */ = {isa = PBXFileReference; fileEncoding = 4; lastKnownFileType = sourcecode.c.objc; path = BXTabBarButton.m; sourceTree = "<group>"; };
		9C99BB6A1CE1D93800885265 /* ITIntroductionVC.h */ = {isa = PBXFileReference; fileEncoding = 4; lastKnownFileType = sourcecode.c.h; path = ITIntroductionVC.h; sourceTree = "<group>"; };
		9C99BB6B1CE1D93800885265 /* ITIntroductionVC.m */ = {isa = PBXFileReference; fileEncoding = 4; lastKnownFileType = sourcecode.c.objc; path = ITIntroductionVC.m; sourceTree = "<group>"; };
		9C99BB701CE1DDC000885265 /* HomeVC.h */ = {isa = PBXFileReference; fileEncoding = 4; lastKnownFileType = sourcecode.c.h; path = HomeVC.h; sourceTree = "<group>"; };
		9C99BB711CE1DDC000885265 /* HomeVC.m */ = {isa = PBXFileReference; fileEncoding = 4; lastKnownFileType = sourcecode.c.objc; path = HomeVC.m; sourceTree = "<group>"; };
		9C99BB731CE1DDE300885265 /* SetVC.h */ = {isa = PBXFileReference; fileEncoding = 4; lastKnownFileType = sourcecode.c.h; path = SetVC.h; sourceTree = "<group>"; };
		9C99BB741CE1DDE300885265 /* SetVC.m */ = {isa = PBXFileReference; fileEncoding = 4; lastKnownFileType = sourcecode.c.objc; path = SetVC.m; sourceTree = "<group>"; };
		9C99BB761CE1DDFB00885265 /* ShoppingVC.h */ = {isa = PBXFileReference; fileEncoding = 4; lastKnownFileType = sourcecode.c.h; path = ShoppingVC.h; sourceTree = "<group>"; };
		9C99BB771CE1DDFB00885265 /* ShoppingVC.m */ = {isa = PBXFileReference; fileEncoding = 4; lastKnownFileType = sourcecode.c.objc; path = ShoppingVC.m; sourceTree = "<group>"; };
		9C99BB7A1CE1DEEB00885265 /* ITTabBarVC.h */ = {isa = PBXFileReference; fileEncoding = 4; lastKnownFileType = sourcecode.c.h; path = ITTabBarVC.h; sourceTree = "<group>"; };
		9C99BB7B1CE1DEEB00885265 /* ITTabBarVC.m */ = {isa = PBXFileReference; fileEncoding = 4; lastKnownFileType = sourcecode.c.objc; path = ITTabBarVC.m; sourceTree = "<group>"; };
		9C99BB7D1CE1DF3000885265 /* ITNavigationController.h */ = {isa = PBXFileReference; fileEncoding = 4; lastKnownFileType = sourcecode.c.h; path = ITNavigationController.h; sourceTree = "<group>"; };
		9C99BB7E1CE1DF3000885265 /* ITNavigationController.m */ = {isa = PBXFileReference; fileEncoding = 4; lastKnownFileType = sourcecode.c.objc; path = ITNavigationController.m; sourceTree = "<group>"; };
		9C99BB811CE1E16600885265 /* BXExtensions.h */ = {isa = PBXFileReference; fileEncoding = 4; lastKnownFileType = sourcecode.c.h; path = BXExtensions.h; sourceTree = "<group>"; };
		9C99BB821CE1E16600885265 /* Foundation+Log.m */ = {isa = PBXFileReference; fileEncoding = 4; lastKnownFileType = sourcecode.c.objc; path = "Foundation+Log.m"; sourceTree = "<group>"; };
		9C99BB831CE1E16600885265 /* NSDate+Extension.h */ = {isa = PBXFileReference; fileEncoding = 4; lastKnownFileType = sourcecode.c.h; path = "NSDate+Extension.h"; sourceTree = "<group>"; };
		9C99BB841CE1E16600885265 /* NSDate+Extension.m */ = {isa = PBXFileReference; fileEncoding = 4; lastKnownFileType = sourcecode.c.objc; path = "NSDate+Extension.m"; sourceTree = "<group>"; };
		9C99BB851CE1E16600885265 /* NSDictionary+Extension.h */ = {isa = PBXFileReference; fileEncoding = 4; lastKnownFileType = sourcecode.c.h; path = "NSDictionary+Extension.h"; sourceTree = "<group>"; };
		9C99BB861CE1E16600885265 /* NSDictionary+Extension.m */ = {isa = PBXFileReference; fileEncoding = 4; lastKnownFileType = sourcecode.c.objc; path = "NSDictionary+Extension.m"; sourceTree = "<group>"; };
		9C99BB871CE1E16600885265 /* NSString+BXExtension.h */ = {isa = PBXFileReference; fileEncoding = 4; lastKnownFileType = sourcecode.c.h; path = "NSString+BXExtension.h"; sourceTree = "<group>"; };
		9C99BB881CE1E16600885265 /* NSString+BXExtension.m */ = {isa = PBXFileReference; fileEncoding = 4; lastKnownFileType = sourcecode.c.objc; path = "NSString+BXExtension.m"; sourceTree = "<group>"; };
		9C99BB891CE1E16600885265 /* UIApplication+Extensions.h */ = {isa = PBXFileReference; fileEncoding = 4; lastKnownFileType = sourcecode.c.h; path = "UIApplication+Extensions.h"; sourceTree = "<group>"; };
		9C99BB8A1CE1E16600885265 /* UIApplication+Extensions.m */ = {isa = PBXFileReference; fileEncoding = 4; lastKnownFileType = sourcecode.c.objc; path = "UIApplication+Extensions.m"; sourceTree = "<group>"; };
		9C99BB8B1CE1E16600885265 /* UIBarButtonItem+Extension.h */ = {isa = PBXFileReference; fileEncoding = 4; lastKnownFileType = sourcecode.c.h; path = "UIBarButtonItem+Extension.h"; sourceTree = "<group>"; };
		9C99BB8C1CE1E16600885265 /* UIBarButtonItem+Extension.m */ = {isa = PBXFileReference; fileEncoding = 4; lastKnownFileType = sourcecode.c.objc; path = "UIBarButtonItem+Extension.m"; sourceTree = "<group>"; };
		9C99BB8D1CE1E16600885265 /* UIButton+Extension.h */ = {isa = PBXFileReference; fileEncoding = 4; lastKnownFileType = sourcecode.c.h; path = "UIButton+Extension.h"; sourceTree = "<group>"; };
		9C99BB8E1CE1E16600885265 /* UIButton+Extension.m */ = {isa = PBXFileReference; fileEncoding = 4; lastKnownFileType = sourcecode.c.objc; path = "UIButton+Extension.m"; sourceTree = "<group>"; };
		9C99BB8F1CE1E16600885265 /* UIDevice+DeviceType.h */ = {isa = PBXFileReference; fileEncoding = 4; lastKnownFileType = sourcecode.c.h; path = "UIDevice+DeviceType.h"; sourceTree = "<group>"; };
		9C99BB901CE1E16600885265 /* UIDevice+DeviceType.m */ = {isa = PBXFileReference; fileEncoding = 4; lastKnownFileType = sourcecode.c.objc; path = "UIDevice+DeviceType.m"; sourceTree = "<group>"; };
		9C99BB911CE1E16600885265 /* UIFont+Extension.h */ = {isa = PBXFileReference; fileEncoding = 4; lastKnownFileType = sourcecode.c.h; path = "UIFont+Extension.h"; sourceTree = "<group>"; };
		9C99BB921CE1E16600885265 /* UIFont+Extension.m */ = {isa = PBXFileReference; fileEncoding = 4; lastKnownFileType = sourcecode.c.objc; path = "UIFont+Extension.m"; sourceTree = "<group>"; };
		9C99BB931CE1E16600885265 /* UIImage+Extension.h */ = {isa = PBXFileReference; fileEncoding = 4; lastKnownFileType = sourcecode.c.h; path = "UIImage+Extension.h"; sourceTree = "<group>"; };
		9C99BB941CE1E16600885265 /* UIImage+Extension.m */ = {isa = PBXFileReference; fileEncoding = 4; lastKnownFileType = sourcecode.c.objc; path = "UIImage+Extension.m"; sourceTree = "<group>"; };
		9C99BB951CE1E16600885265 /* UIImage+ScreenShot.h */ = {isa = PBXFileReference; fileEncoding = 4; lastKnownFileType = sourcecode.c.h; path = "UIImage+ScreenShot.h"; sourceTree = "<group>"; };
		9C99BB961CE1E16600885265 /* UIImage+ScreenShot.m */ = {isa = PBXFileReference; fileEncoding = 4; lastKnownFileType = sourcecode.c.objc; path = "UIImage+ScreenShot.m"; sourceTree = "<group>"; };
		9C99BB971CE1E16600885265 /* UILabel+Extension.h */ = {isa = PBXFileReference; fileEncoding = 4; lastKnownFileType = sourcecode.c.h; path = "UILabel+Extension.h"; sourceTree = "<group>"; };
		9C99BB981CE1E16600885265 /* UILabel+Extension.m */ = {isa = PBXFileReference; fileEncoding = 4; lastKnownFileType = sourcecode.c.objc; path = "UILabel+Extension.m"; sourceTree = "<group>"; };
		9C99BB991CE1E16600885265 /* UIScreen+Extension.h */ = {isa = PBXFileReference; fileEncoding = 4; lastKnownFileType = sourcecode.c.h; path = "UIScreen+Extension.h"; sourceTree = "<group>"; };
		9C99BB9A1CE1E16600885265 /* UIScreen+Extension.m */ = {isa = PBXFileReference; fileEncoding = 4; lastKnownFileType = sourcecode.c.objc; path = "UIScreen+Extension.m"; sourceTree = "<group>"; };
		9C99BB9B1CE1E16600885265 /* UITextControl+FaultTolerance.m */ = {isa = PBXFileReference; fileEncoding = 4; lastKnownFileType = sourcecode.c.objc; path = "UITextControl+FaultTolerance.m"; sourceTree = "<group>"; };
		9C99BB9C1CE1E16600885265 /* UIView+Extension.h */ = {isa = PBXFileReference; fileEncoding = 4; lastKnownFileType = sourcecode.c.h; path = "UIView+Extension.h"; sourceTree = "<group>"; };
		9C99BB9D1CE1E16600885265 /* UIView+Extension.m */ = {isa = PBXFileReference; fileEncoding = 4; lastKnownFileType = sourcecode.c.objc; path = "UIView+Extension.m"; sourceTree = "<group>"; };
		9C99BB9E1CE1E16600885265 /* UIView+IBExtension.h */ = {isa = PBXFileReference; fileEncoding = 4; lastKnownFileType = sourcecode.c.h; path = "UIView+IBExtension.h"; sourceTree = "<group>"; };
		9C99BB9F1CE1E16600885265 /* UIView+IBExtension.m */ = {isa = PBXFileReference; fileEncoding = 4; lastKnownFileType = sourcecode.c.objc; path = "UIView+IBExtension.m"; sourceTree = "<group>"; };
		9C99BBA01CE1E16600885265 /* UIView+Runtime.h */ = {isa = PBXFileReference; fileEncoding = 4; lastKnownFileType = sourcecode.c.h; path = "UIView+Runtime.h"; sourceTree = "<group>"; };
		9C99BBA11CE1E16600885265 /* UIView+Runtime.m */ = {isa = PBXFileReference; fileEncoding = 4; lastKnownFileType = sourcecode.c.objc; path = "UIView+Runtime.m"; sourceTree = "<group>"; };
		9C99BBB31CE1E22500885265 /* BlockTypeDefault.h */ = {isa = PBXFileReference; fileEncoding = 4; lastKnownFileType = sourcecode.c.h; path = BlockTypeDefault.h; sourceTree = "<group>"; };
		9C9B45DE1CAE783500A032BA /* ITMVVMDemo.app */ = {isa = PBXFileReference; explicitFileType = wrapper.application; includeInIndex = 0; path = ITMVVMDemo.app; sourceTree = BUILT_PRODUCTS_DIR; };
		9C9B45E21CAE783500A032BA /* main.m */ = {isa = PBXFileReference; lastKnownFileType = sourcecode.c.objc; path = main.m; sourceTree = "<group>"; };
		9C9B45E41CAE783500A032BA /* AppDelegate.h */ = {isa = PBXFileReference; lastKnownFileType = sourcecode.c.h; path = AppDelegate.h; sourceTree = "<group>"; };
		9C9B45E51CAE783500A032BA /* AppDelegate.m */ = {isa = PBXFileReference; lastKnownFileType = sourcecode.c.objc; path = AppDelegate.m; sourceTree = "<group>"; };
		9C9B45EB1CAE783500A032BA /* Base */ = {isa = PBXFileReference; lastKnownFileType = file.storyboard; name = Base; path = Base.lproj/Main.storyboard; sourceTree = "<group>"; };
		9C9B45ED1CAE783500A032BA /* Assets.xcassets */ = {isa = PBXFileReference; lastKnownFileType = folder.assetcatalog; path = Assets.xcassets; sourceTree = "<group>"; };
		9C9B45F01CAE783500A032BA /* Base */ = {isa = PBXFileReference; lastKnownFileType = file.storyboard; name = Base; path = Base.lproj/LaunchScreen.storyboard; sourceTree = "<group>"; };
		9C9B45F21CAE783500A032BA /* Info.plist */ = {isa = PBXFileReference; lastKnownFileType = text.plist.xml; path = Info.plist; sourceTree = "<group>"; };
		9C9B46001CAE7B8F00A032BA /* Config.h */ = {isa = PBXFileReference; lastKnownFileType = sourcecode.c.h; path = Config.h; sourceTree = "<group>"; };
		9C9B46011CAE7C2100A032BA /* PrefixHeader.pch */ = {isa = PBXFileReference; fileEncoding = 4; lastKnownFileType = sourcecode.c.h; path = PrefixHeader.pch; sourceTree = "<group>"; };
		9C9B46031CAE867700A032BA /* MainViewController.h */ = {isa = PBXFileReference; fileEncoding = 4; lastKnownFileType = sourcecode.c.h; path = MainViewController.h; sourceTree = "<group>"; };
		9C9B46041CAE867700A032BA /* MainViewController.m */ = {isa = PBXFileReference; fileEncoding = 4; lastKnownFileType = sourcecode.c.objc; path = MainViewController.m; sourceTree = "<group>"; };
		AA285BBE0270B0A8FE2C6BE5 /* Pods-ITMVVMDemo.debug.xcconfig */ = {isa = PBXFileReference; includeInIndex = 1; lastKnownFileType = text.xcconfig; name = "Pods-ITMVVMDemo.debug.xcconfig"; path = "Pods/Target Support Files/Pods-ITMVVMDemo/Pods-ITMVVMDemo.debug.xcconfig"; sourceTree = "<group>"; };
/* End PBXFileReference section */

/* Begin PBXFrameworksBuildPhase section */
		9C9B45DB1CAE783500A032BA /* Frameworks */ = {
			isa = PBXFrameworksBuildPhase;
			buildActionMask = 2147483647;
			files = (
				689D7BA83DDEFA2B4DEF74B7 /* Pods_ITMVVMDemo.framework in Frameworks */,
			);
			runOnlyForDeploymentPostprocessing = 0;
		};
/* End PBXFrameworksBuildPhase section */

/* Begin PBXGroup section */
		33B6869DCE154CC397411EC5 /* Frameworks */ = {
			isa = PBXGroup;
			children = (
				4391F5CE914D45F3BCE3107F /* Pods_ITMVVMDemo.framework */,
			);
			name = Frameworks;
			sourceTree = "<group>";
		};
		701B4FC2734490DCE80880C1 /* Pods */ = {
			isa = PBXGroup;
			children = (
				AA285BBE0270B0A8FE2C6BE5 /* Pods-ITMVVMDemo.debug.xcconfig */,
				807FB9237CD6253BF592BD37 /* Pods-ITMVVMDemo.release.xcconfig */,
			);
			name = Pods;
			sourceTree = "<group>";
		};
		9C6E40A61CE32CF2002F1A02 /* HDStyleAndTheme */ = {
			isa = PBXGroup;
			children = (
				9C6E40A71CE32CF2002F1A02 /* STModel */,
			);
			path = HDStyleAndTheme;
			sourceTree = "<group>";
		};
		9C6E40A71CE32CF2002F1A02 /* STModel */ = {
			isa = PBXGroup;
			children = (
				9C6E40A81CE32CF2002F1A02 /* STData.h */,
				9C6E40A91CE32CF2002F1A02 /* STData.m */,
				9C6E40AA1CE32CF2002F1A02 /* STDataModels.h */,
				9C6E40AB1CE32CF2002F1A02 /* STHDSTDataBase.h */,
				9C6E40AC1CE32CF2002F1A02 /* STHDSTDataBase.m */,
				9C6E40AD1CE32CF2002F1A02 /* STItems.h */,
				9C6E40AE1CE32CF2002F1A02 /* STItems.m */,
				9C6E40AF1CE32CF2002F1A02 /* STSecondMenu.h */,
				9C6E40B01CE32CF2002F1A02 /* STSecondMenu.m */,
				9C6E40B11CE32CF2002F1A02 /* STUser.h */,
				9C6E40B21CE32CF2002F1A02 /* STUser.m */,
			);
			path = STModel;
			sourceTree = "<group>";
		};
		9C6E40B81CE344DA002F1A02 /* StyleView */ = {
			isa = PBXGroup;
			children = (
				9C6E40BA1CE3453F002F1A02 /* StyleView.h */,
				9C6E40BB1CE3453F002F1A02 /* StyleView.m */,
			);
			path = StyleView;
			sourceTree = "<group>";
		};
		9C6E40B91CE344DA002F1A02 /* Theme */ = {
			isa = PBXGroup;
			children = (
				9C6E40BD1CE34554002F1A02 /* ThemeView.h */,
				9C6E40BE1CE34554002F1A02 /* ThemeView.m */,
			);
			path = Theme;
			sourceTree = "<group>";
		};
		9C93DB351CB4BEBA00FD58E7 /* HDModel */ = {
			isa = PBXGroup;
			children = (
				9C93DB361CB4BEBA00FD58E7 /* DataModels.h */,
				9C93DB371CB4BEBA00FD58E7 /* HDAuthor.h */,
				9C93DB381CB4BEBA00FD58E7 /* HDAuthor.m */,
				9C93DB391CB4BEBA00FD58E7 /* HDContent.h */,
				9C93DB3A1CB4BEBA00FD58E7 /* HDContent.m */,
				9C93DB3B1CB4BEBA00FD58E7 /* HDContents.h */,
				9C93DB3C1CB4BEBA00FD58E7 /* HDContents.m */,
				9C93DB3D1CB4BEBA00FD58E7 /* HDCursor.h */,
				9C93DB3E1CB4BEBA00FD58E7 /* HDCursor.m */,
				9C93DB3F1CB4BEBA00FD58E7 /* HDHDBasicClass.h */,
				9C93DB401CB4BEBA00FD58E7 /* HDHDBasicClass.m */,
				9C93DB411CB4BEBA00FD58E7 /* HDImage.h */,
				9C93DB421CB4BEBA00FD58E7 /* HDImage.m */,
				9C93DB431CB4BEBA00FD58E7 /* HDIssues.h */,
				9C93DB441CB4BEBA00FD58E7 /* HDIssues.m */,
				9C93DB451CB4BEBA00FD58E7 /* HDItems.h */,
				9C93DB461CB4BEBA00FD58E7 /* HDItems.m */,
			);
			path = HDModel;
			sourceTree = "<group>";
		};
		9C93DB521CB4D94000FD58E7 /* PublicProductModel */ = {
			isa = PBXGroup;
			children = (
				9C93DB531CB4D96900FD58E7 /* PublicProductModelClass.h */,
				9C93DB541CB4D96900FD58E7 /* PublicProductModelClass.m */,
			);
			path = PublicProductModel;
			sourceTree = "<group>";
		};
		9C93DB561CB5E53900FD58E7 /* ProductInfo */ = {
			isa = PBXGroup;
			children = (
				9C93DB5B1CB605CE00FD58E7 /* ProductCells */,
				9C93DB5C1CB605CE00FD58E7 /* ProductViews */,
				9C93DB571CB5E60900FD58E7 /* PIViewController.h */,
				9C93DB581CB5E60900FD58E7 /* PIViewController.m */,
			);
			path = ProductInfo;
			sourceTree = "<group>";
		};
		9C93DB5A1CB5EF2800FD58E7 /* PublicItemsModel */ = {
			isa = PBXGroup;
			children = (
			);
			path = PublicItemsModel;
			sourceTree = "<group>";
		};
		9C93DB5B1CB605CE00FD58E7 /* ProductCells */ = {
			isa = PBXGroup;
			children = (
				9C93DB5D1CB6060500FD58E7 /* ProductItemCell.h */,
				9C93DB5E1CB6060500FD58E7 /* ProductItemCell.m */,
			);
			path = ProductCells;
			sourceTree = "<group>";
		};
		9C93DB5C1CB605CE00FD58E7 /* ProductViews */ = {
			isa = PBXGroup;
			children = (
			);
			path = ProductViews;
			sourceTree = "<group>";
		};
		9C93DB601CB60CF100FD58E7 /* Images */ = {
			isa = PBXGroup;
			children = (
				9C8F4E521CB77CCF002716BD /* Like@2x.png */,
				9C8F4E531CB77CCF002716BD /* Like@3x.png */,
				9C93DB611CB60CF100FD58E7 /* ff_IconShowAlbum.png */,
				9C93DB621CB60CF100FD58E7 /* ff_IconShowAlbum@2x.png */,
				9C93DB631CB60CF100FD58E7 /* ff_IconShowAlbum@3x.png */,
			);
			path = Images;
			sourceTree = "<group>";
		};
		9C99BB5F1CE1D8D900885265 /* BXTabBar */ = {
			isa = PBXGroup;
			children = (
				9C99BB601CE1D8D900885265 /* BXTabBar.h */,
				9C99BB611CE1D8D900885265 /* BXTabBar.m */,
				9C99BB621CE1D8D900885265 /* BXTabBarBigButton.h */,
				9C99BB631CE1D8D900885265 /* BXTabBarBigButton.m */,
				9C99BB641CE1D8D900885265 /* BXTabBarButton.h */,
				9C99BB651CE1D8D900885265 /* BXTabBarButton.m */,
			);
			path = BXTabBar;
			sourceTree = "<group>";
		};
		9C99BB691CE1D93800885265 /* Introduction */ = {
			isa = PBXGroup;
			children = (
				9C99BB6A1CE1D93800885265 /* ITIntroductionVC.h */,
				9C99BB6B1CE1D93800885265 /* ITIntroductionVC.m */,
			);
			path = Introduction;
			sourceTree = "<group>";
		};
		9C99BB6D1CE1DDA000885265 /* Home */ = {
			isa = PBXGroup;
			children = (
				9C6E40B81CE344DA002F1A02 /* StyleView */,
				9C6E40B91CE344DA002F1A02 /* Theme */,
				9C99BB701CE1DDC000885265 /* HomeVC.h */,
				9C99BB711CE1DDC000885265 /* HomeVC.m */,
			);
			path = Home;
			sourceTree = "<group>";
		};
		9C99BB6E1CE1DDA000885265 /* Setting */ = {
			isa = PBXGroup;
			children = (
				9C99BB731CE1DDE300885265 /* SetVC.h */,
				9C99BB741CE1DDE300885265 /* SetVC.m */,
			);
			path = Setting;
			sourceTree = "<group>";
		};
		9C99BB6F1CE1DDA000885265 /* Shopping */ = {
			isa = PBXGroup;
			children = (
				9C99BB761CE1DDFB00885265 /* ShoppingVC.h */,
				9C99BB771CE1DDFB00885265 /* ShoppingVC.m */,
			);
			path = Shopping;
			sourceTree = "<group>";
		};
		9C99BB791CE1DEA600885265 /* ITTabBarVC */ = {
			isa = PBXGroup;
			children = (
				9C99BB7A1CE1DEEB00885265 /* ITTabBarVC.h */,
				9C99BB7B1CE1DEEB00885265 /* ITTabBarVC.m */,
				9C99BB7D1CE1DF3000885265 /* ITNavigationController.h */,
				9C99BB7E1CE1DF3000885265 /* ITNavigationController.m */,
			);
			path = ITTabBarVC;
			sourceTree = "<group>";
		};
		9C99BB801CE1E16600885265 /* Category */ = {
			isa = PBXGroup;
			children = (
				9C99BB811CE1E16600885265 /* BXExtensions.h */,
				9C99BB821CE1E16600885265 /* Foundation+Log.m */,
				9C99BB831CE1E16600885265 /* NSDate+Extension.h */,
				9C99BB841CE1E16600885265 /* NSDate+Extension.m */,
				9C99BB851CE1E16600885265 /* NSDictionary+Extension.h */,
				9C99BB861CE1E16600885265 /* NSDictionary+Extension.m */,
				9C99BB871CE1E16600885265 /* NSString+BXExtension.h */,
				9C99BB881CE1E16600885265 /* NSString+BXExtension.m */,
				9C99BB891CE1E16600885265 /* UIApplication+Extensions.h */,
				9C99BB8A1CE1E16600885265 /* UIApplication+Extensions.m */,
				9C99BB8B1CE1E16600885265 /* UIBarButtonItem+Extension.h */,
				9C99BB8C1CE1E16600885265 /* UIBarButtonItem+Extension.m */,
				9C99BB8D1CE1E16600885265 /* UIButton+Extension.h */,
				9C99BB8E1CE1E16600885265 /* UIButton+Extension.m */,
				9C99BB8F1CE1E16600885265 /* UIDevice+DeviceType.h */,
				9C99BB901CE1E16600885265 /* UIDevice+DeviceType.m */,
				9C99BB911CE1E16600885265 /* UIFont+Extension.h */,
				9C99BB921CE1E16600885265 /* UIFont+Extension.m */,
				9C99BB931CE1E16600885265 /* UIImage+Extension.h */,
				9C99BB941CE1E16600885265 /* UIImage+Extension.m */,
				9C99BB951CE1E16600885265 /* UIImage+ScreenShot.h */,
				9C99BB961CE1E16600885265 /* UIImage+ScreenShot.m */,
				9C99BB971CE1E16600885265 /* UILabel+Extension.h */,
				9C99BB981CE1E16600885265 /* UILabel+Extension.m */,
				9C99BB991CE1E16600885265 /* UIScreen+Extension.h */,
				9C99BB9A1CE1E16600885265 /* UIScreen+Extension.m */,
				9C99BB9B1CE1E16600885265 /* UITextControl+FaultTolerance.m */,
				9C99BB9C1CE1E16600885265 /* UIView+Extension.h */,
				9C99BB9D1CE1E16600885265 /* UIView+Extension.m */,
				9C99BB9E1CE1E16600885265 /* UIView+IBExtension.h */,
				9C99BB9F1CE1E16600885265 /* UIView+IBExtension.m */,
				9C99BBA01CE1E16600885265 /* UIView+Runtime.h */,
				9C99BBA11CE1E16600885265 /* UIView+Runtime.m */,
			);
			path = Category;
			sourceTree = "<group>";
		};
		9C9B45D51CAE783500A032BA = {
			isa = PBXGroup;
			children = (
				9C9B45E01CAE783500A032BA /* ITMVVMDemo */,
				9C9B45DF1CAE783500A032BA /* Products */,
				701B4FC2734490DCE80880C1 /* Pods */,
				33B6869DCE154CC397411EC5 /* Frameworks */,
			);
			sourceTree = "<group>";
		};
		9C9B45DF1CAE783500A032BA /* Products */ = {
			isa = PBXGroup;
			children = (
				9C9B45DE1CAE783500A032BA /* ITMVVMDemo.app */,
			);
			name = Products;
			sourceTree = "<group>";
		};
		9C9B45E01CAE783500A032BA /* ITMVVMDemo */ = {
			isa = PBXGroup;
			children = (
				9C9B45F81CAE790500A032BA /* Config */,
				9C9B45F91CAE790500A032BA /* Model */,
				9C9B45FA1CAE790500A032BA /* Request */,
				9C9B45FB1CAE790500A032BA /* Resource */,
				9C9B45FC1CAE790500A032BA /* Tools */,
				9C9B45FD1CAE790500A032BA /* VCS */,
				9C9B45FE1CAE790500A032BA /* Vender */,
				9C9B45FF1CAE790500A032BA /* ViewModel */,
				9C99BB801CE1E16600885265 /* Category */,
				9C9B45E41CAE783500A032BA /* AppDelegate.h */,
				9C9B45E51CAE783500A032BA /* AppDelegate.m */,
				9C9B45EA1CAE783500A032BA /* Main.storyboard */,
				9C9B45ED1CAE783500A032BA /* Assets.xcassets */,
				9C9B45EF1CAE783500A032BA /* LaunchScreen.storyboard */,
				9C9B45F21CAE783500A032BA /* Info.plist */,
				9C9B45E11CAE783500A032BA /* Supporting Files */,
			);
			path = ITMVVMDemo;
			sourceTree = "<group>";
		};
		9C9B45E11CAE783500A032BA /* Supporting Files */ = {
			isa = PBXGroup;
			children = (
				9C9B45E21CAE783500A032BA /* main.m */,
			);
			name = "Supporting Files";
			sourceTree = "<group>";
		};
		9C9B45F81CAE790500A032BA /* Config */ = {
			isa = PBXGroup;
			children = (
				9C9B46001CAE7B8F00A032BA /* Config.h */,
				9C9B46011CAE7C2100A032BA /* PrefixHeader.pch */,
				9C99BBB31CE1E22500885265 /* BlockTypeDefault.h */,
			);
			path = Config;
			sourceTree = "<group>";
		};
		9C9B45F91CAE790500A032BA /* Model */ = {
			isa = PBXGroup;
			children = (
				9C6E40A61CE32CF2002F1A02 /* HDStyleAndTheme */,
				9C93DB351CB4BEBA00FD58E7 /* HDModel */,
			);
			path = Model;
			sourceTree = "<group>";
		};
		9C9B45FA1CAE790500A032BA /* Request */ = {
			isa = PBXGroup;
			children = (
				9C93DB2F1CB3E37100FD58E7 /* NetRequestClass.h */,
				9C93DB301CB3E37100FD58E7 /* NetRequestClass.m */,
				9C93DB321CB4A38900FD58E7 /* RequestClient.h */,
				9C93DB331CB4A38900FD58E7 /* RequestClient.m */,
			);
			path = Request;
			sourceTree = "<group>";
		};
		9C9B45FB1CAE790500A032BA /* Resource */ = {
			isa = PBXGroup;
			children = (
				9C93DB601CB60CF100FD58E7 /* Images */,
			);
			path = Resource;
			sourceTree = "<group>";
		};
		9C9B45FC1CAE790500A032BA /* Tools */ = {
			isa = PBXGroup;
			children = (
			);
			path = Tools;
			sourceTree = "<group>";
		};
		9C9B45FD1CAE790500A032BA /* VCS */ = {
			isa = PBXGroup;
			children = (
				9C99BB791CE1DEA600885265 /* ITTabBarVC */,
				9C99BB6D1CE1DDA000885265 /* Home */,
				9C99BB6E1CE1DDA000885265 /* Setting */,
				9C99BB6F1CE1DDA000885265 /* Shopping */,
				9C99BB691CE1D93800885265 /* Introduction */,
				9C93DB561CB5E53900FD58E7 /* ProductInfo */,
				9C9B46021CAE866700A032BA /* Main */,
			);
			path = VCS;
			sourceTree = "<group>";
		};
		9C9B45FE1CAE790500A032BA /* Vender */ = {
			isa = PBXGroup;
			children = (
				9C99BB5F1CE1D8D900885265 /* BXTabBar */,
			);
			path = Vender;
			sourceTree = "<group>";
		};
		9C9B45FF1CAE790500A032BA /* ViewModel */ = {
			isa = PBXGroup;
			children = (
				9C93DB5A1CB5EF2800FD58E7 /* PublicItemsModel */,
				9C93DB521CB4D94000FD58E7 /* PublicProductModel */,
				9C93DB4F1CB4D6FB00FD58E7 /* ViewModelClass.h */,
				9C93DB501CB4D6FB00FD58E7 /* ViewModelClass.m */,
			);
			path = ViewModel;
			sourceTree = "<group>";
		};
		9C9B46021CAE866700A032BA /* Main */ = {
			isa = PBXGroup;
			children = (
				9C9B46031CAE867700A032BA /* MainViewController.h */,
				9C9B46041CAE867700A032BA /* MainViewController.m */,
			);
			path = Main;
			sourceTree = "<group>";
		};
/* End PBXGroup section */

/* Begin PBXNativeTarget section */
		9C9B45DD1CAE783500A032BA /* ITMVVMDemo */ = {
			isa = PBXNativeTarget;
			buildConfigurationList = 9C9B45F51CAE783500A032BA /* Build configuration list for PBXNativeTarget "ITMVVMDemo" */;
			buildPhases = (
				47677C3680A466D26C3FFD53 /* 📦 Check Pods Manifest.lock */,
				9C9B45DA1CAE783500A032BA /* Sources */,
				9C9B45DB1CAE783500A032BA /* Frameworks */,
				9C9B45DC1CAE783500A032BA /* Resources */,
				52577FF556B8B9975F807C5B /* 📦 Embed Pods Frameworks */,
				A2EF1483FB1CBF043848F1CF /* 📦 Copy Pods Resources */,
			);
			buildRules = (
			);
			dependencies = (
			);
			name = ITMVVMDemo;
			productName = ITMVVMDemo;
			productReference = 9C9B45DE1CAE783500A032BA /* ITMVVMDemo.app */;
			productType = "com.apple.product-type.application";
		};
/* End PBXNativeTarget section */

/* Begin PBXProject section */
		9C9B45D61CAE783500A032BA /* Project object */ = {
			isa = PBXProject;
			attributes = {
				LastUpgradeCheck = 0730;
				ORGANIZATIONNAME = Box;
				TargetAttributes = {
					9C9B45DD1CAE783500A032BA = {
						CreatedOnToolsVersion = 7.3;
					};
				};
			};
			buildConfigurationList = 9C9B45D91CAE783500A032BA /* Build configuration list for PBXProject "ITMVVMDemo" */;
			compatibilityVersion = "Xcode 3.2";
			developmentRegion = English;
			hasScannedForEncodings = 0;
			knownRegions = (
				en,
				Base,
			);
			mainGroup = 9C9B45D51CAE783500A032BA;
			productRefGroup = 9C9B45DF1CAE783500A032BA /* Products */;
			projectDirPath = "";
			projectRoot = "";
			targets = (
				9C9B45DD1CAE783500A032BA /* ITMVVMDemo */,
			);
		};
/* End PBXProject section */

/* Begin PBXResourcesBuildPhase section */
		9C9B45DC1CAE783500A032BA /* Resources */ = {
			isa = PBXResourcesBuildPhase;
			buildActionMask = 2147483647;
			files = (
				9C9B45F11CAE783500A032BA /* LaunchScreen.storyboard in Resources */,
				9C8F4E541CB77CCF002716BD /* Like@2x.png in Resources */,
				9C93DB641CB60CF100FD58E7 /* ff_IconShowAlbum.png in Resources */,
				9C93DB651CB60CF100FD58E7 /* ff_IconShowAlbum@2x.png in Resources */,
				9C9B45EE1CAE783500A032BA /* Assets.xcassets in Resources */,
				9C9B45EC1CAE783500A032BA /* Main.storyboard in Resources */,
				9C8F4E551CB77CCF002716BD /* Like@3x.png in Resources */,
				9C93DB661CB60CF100FD58E7 /* ff_IconShowAlbum@3x.png in Resources */,
			);
			runOnlyForDeploymentPostprocessing = 0;
		};
/* End PBXResourcesBuildPhase section */

/* Begin PBXShellScriptBuildPhase section */
		47677C3680A466D26C3FFD53 /* 📦 Check Pods Manifest.lock */ = {
			isa = PBXShellScriptBuildPhase;
			buildActionMask = 2147483647;
			files = (
			);
			inputPaths = (
			);
			name = "📦 Check Pods Manifest.lock";
			outputPaths = (
			);
			runOnlyForDeploymentPostprocessing = 0;
			shellPath = /bin/sh;
			shellScript = "diff \"${PODS_ROOT}/../Podfile.lock\" \"${PODS_ROOT}/Manifest.lock\" > /dev/null\nif [[ $? != 0 ]] ; then\n    cat << EOM\nerror: The sandbox is not in sync with the Podfile.lock. Run 'pod install' or update your CocoaPods installation.\nEOM\n    exit 1\nfi\n";
			showEnvVarsInLog = 0;
		};
		52577FF556B8B9975F807C5B /* 📦 Embed Pods Frameworks */ = {
			isa = PBXShellScriptBuildPhase;
			buildActionMask = 2147483647;
			files = (
			);
			inputPaths = (
			);
			name = "📦 Embed Pods Frameworks";
			outputPaths = (
			);
			runOnlyForDeploymentPostprocessing = 0;
			shellPath = /bin/sh;
			shellScript = "\"${SRCROOT}/Pods/Target Support Files/Pods-ITMVVMDemo/Pods-ITMVVMDemo-frameworks.sh\"\n";
			showEnvVarsInLog = 0;
		};
		A2EF1483FB1CBF043848F1CF /* 📦 Copy Pods Resources */ = {
			isa = PBXShellScriptBuildPhase;
			buildActionMask = 2147483647;
			files = (
			);
			inputPaths = (
			);
			name = "📦 Copy Pods Resources";
			outputPaths = (
			);
			runOnlyForDeploymentPostprocessing = 0;
			shellPath = /bin/sh;
			shellScript = "\"${SRCROOT}/Pods/Target Support Files/Pods-ITMVVMDemo/Pods-ITMVVMDemo-resources.sh\"\n";
			showEnvVarsInLog = 0;
		};
/* End PBXShellScriptBuildPhase section */

/* Begin PBXSourcesBuildPhase section */
		9C9B45DA1CAE783500A032BA /* Sources */ = {
			isa = PBXSourcesBuildPhase;
			buildActionMask = 2147483647;
			files = (
				9C99BBA31CE1E16600885265 /* NSDate+Extension.m in Sources */,
				9C9B45E61CAE783500A032BA /* AppDelegate.m in Sources */,
				9C93DB511CB4D6FB00FD58E7 /* ViewModelClass.m in Sources */,
				9C93DB4D1CB4BEBA00FD58E7 /* HDIssues.m in Sources */,
				9C6E40BF1CE34554002F1A02 /* ThemeView.m in Sources */,
				9C6E40B61CE32CF2002F1A02 /* STSecondMenu.m in Sources */,
				9C99BB671CE1D8D900885265 /* BXTabBarBigButton.m in Sources */,
				9C99BB7F1CE1DF3000885265 /* ITNavigationController.m in Sources */,
				9C93DB491CB4BEBA00FD58E7 /* HDContents.m in Sources */,
				9C99BBA81CE1E16600885265 /* UIButton+Extension.m in Sources */,
				9C99BBA51CE1E16600885265 /* NSString+BXExtension.m in Sources */,
				9C99BBAE1CE1E16600885265 /* UIScreen+Extension.m in Sources */,
				9C99BB681CE1D8D900885265 /* BXTabBarButton.m in Sources */,
				9C9B46051CAE867700A032BA /* MainViewController.m in Sources */,
				9C93DB591CB5E60900FD58E7 /* PIViewController.m in Sources */,
				9C93DB5F1CB6060500FD58E7 /* ProductItemCell.m in Sources */,
				9C99BBB21CE1E16600885265 /* UIView+Runtime.m in Sources */,
				9C93DB551CB4D96900FD58E7 /* PublicProductModelClass.m in Sources */,
				9C6E40B31CE32CF2002F1A02 /* STData.m in Sources */,
				9C93DB481CB4BEBA00FD58E7 /* HDContent.m in Sources */,
				9C99BBAB1CE1E16600885265 /* UIImage+Extension.m in Sources */,
				9C99BBAF1CE1E16600885265 /* UITextControl+FaultTolerance.m in Sources */,
				9C99BB7C1CE1DEEB00885265 /* ITTabBarVC.m in Sources */,
				9C99BB751CE1DDE300885265 /* SetVC.m in Sources */,
				9C99BBB01CE1E16600885265 /* UIView+Extension.m in Sources */,
				9C99BBA41CE1E16600885265 /* NSDictionary+Extension.m in Sources */,
				9C6E40B71CE32CF2002F1A02 /* STUser.m in Sources */,
				9C6E40B41CE32CF2002F1A02 /* STHDSTDataBase.m in Sources */,
				9C99BBA21CE1E16600885265 /* Foundation+Log.m in Sources */,
				9C99BB6C1CE1D93800885265 /* ITIntroductionVC.m in Sources */,
				9C93DB4C1CB4BEBA00FD58E7 /* HDImage.m in Sources */,
				9C93DB4A1CB4BEBA00FD58E7 /* HDCursor.m in Sources */,
				9C99BBAC1CE1E16600885265 /* UIImage+ScreenShot.m in Sources */,
				9C99BBAD1CE1E16600885265 /* UILabel+Extension.m in Sources */,
				9C99BB661CE1D8D900885265 /* BXTabBar.m in Sources */,
				9C99BBA61CE1E16600885265 /* UIApplication+Extensions.m in Sources */,
				9C6E40BC1CE3453F002F1A02 /* StyleView.m in Sources */,
				9C99BB781CE1DDFB00885265 /* ShoppingVC.m in Sources */,
				9C93DB471CB4BEBA00FD58E7 /* HDAuthor.m in Sources */,
				9C93DB341CB4A38900FD58E7 /* RequestClient.m in Sources */,
				9C99BB721CE1DDC000885265 /* HomeVC.m in Sources */,
				9C93DB4E1CB4BEBA00FD58E7 /* HDItems.m in Sources */,
				9C99BBB11CE1E16600885265 /* UIView+IBExtension.m in Sources */,
				9C99BBA71CE1E16600885265 /* UIBarButtonItem+Extension.m in Sources */,
				9C93DB311CB3E37100FD58E7 /* NetRequestClass.m in Sources */,
				9C6E40B51CE32CF2002F1A02 /* STItems.m in Sources */,
				9C9B45E31CAE783500A032BA /* main.m in Sources */,
				9C93DB4B1CB4BEBA00FD58E7 /* HDHDBasicClass.m in Sources */,
				9C99BBAA1CE1E16600885265 /* UIFont+Extension.m in Sources */,
				9C99BBA91CE1E16600885265 /* UIDevice+DeviceType.m in Sources */,
			);
			runOnlyForDeploymentPostprocessing = 0;
		};
/* End PBXSourcesBuildPhase section */

/* Begin PBXVariantGroup section */
		9C9B45EA1CAE783500A032BA /* Main.storyboard */ = {
			isa = PBXVariantGroup;
			children = (
				9C9B45EB1CAE783500A032BA /* Base */,
			);
			name = Main.storyboard;
			sourceTree = "<group>";
		};
		9C9B45EF1CAE783500A032BA /* LaunchScreen.storyboard */ = {
			isa = PBXVariantGroup;
			children = (
				9C9B45F01CAE783500A032BA /* Base */,
			);
			name = LaunchScreen.storyboard;
			sourceTree = "<group>";
		};
/* End PBXVariantGroup section */

/* Begin XCBuildConfiguration section */
		9C9B45F31CAE783500A032BA /* Debug */ = {
			isa = XCBuildConfiguration;
			buildSettings = {
				ALWAYS_SEARCH_USER_PATHS = NO;
				CLANG_ANALYZER_NONNULL = YES;
				CLANG_CXX_LANGUAGE_STANDARD = "gnu++0x";
				CLANG_CXX_LIBRARY = "libc++";
				CLANG_ENABLE_MODULES = YES;
				CLANG_ENABLE_OBJC_ARC = YES;
				CLANG_WARN_BOOL_CONVERSION = YES;
				CLANG_WARN_CONSTANT_CONVERSION = YES;
				CLANG_WARN_DIRECT_OBJC_ISA_USAGE = YES_ERROR;
				CLANG_WARN_EMPTY_BODY = YES;
				CLANG_WARN_ENUM_CONVERSION = YES;
				CLANG_WARN_INT_CONVERSION = YES;
				CLANG_WARN_OBJC_ROOT_CLASS = YES_ERROR;
				CLANG_WARN_UNREACHABLE_CODE = YES;
				CLANG_WARN__DUPLICATE_METHOD_MATCH = YES;
				"CODE_SIGN_IDENTITY[sdk=iphoneos*]" = "iPhone Developer";
				COPY_PHASE_STRIP = NO;
				DEBUG_INFORMATION_FORMAT = dwarf;
				ENABLE_STRICT_OBJC_MSGSEND = YES;
				ENABLE_TESTABILITY = YES;
				GCC_C_LANGUAGE_STANDARD = gnu99;
				GCC_DYNAMIC_NO_PIC = NO;
				GCC_NO_COMMON_BLOCKS = YES;
				GCC_OPTIMIZATION_LEVEL = 0;
				GCC_PREPROCESSOR_DEFINITIONS = (
					"DEBUG=1",
					"$(inherited)",
				);
				GCC_WARN_64_TO_32_BIT_CONVERSION = YES;
				GCC_WARN_ABOUT_RETURN_TYPE = YES_ERROR;
				GCC_WARN_UNDECLARED_SELECTOR = YES;
				GCC_WARN_UNINITIALIZED_AUTOS = YES_AGGRESSIVE;
				GCC_WARN_UNUSED_FUNCTION = YES;
				GCC_WARN_UNUSED_VARIABLE = YES;
				IPHONEOS_DEPLOYMENT_TARGET = 9.3;
				MTL_ENABLE_DEBUG_INFO = YES;
				ONLY_ACTIVE_ARCH = YES;
				SDKROOT = iphoneos;
			};
			name = Debug;
		};
		9C9B45F41CAE783500A032BA /* Release */ = {
			isa = XCBuildConfiguration;
			buildSettings = {
				ALWAYS_SEARCH_USER_PATHS = NO;
				CLANG_ANALYZER_NONNULL = YES;
				CLANG_CXX_LANGUAGE_STANDARD = "gnu++0x";
				CLANG_CXX_LIBRARY = "libc++";
				CLANG_ENABLE_MODULES = YES;
				CLANG_ENABLE_OBJC_ARC = YES;
				CLANG_WARN_BOOL_CONVERSION = YES;
				CLANG_WARN_CONSTANT_CONVERSION = YES;
				CLANG_WARN_DIRECT_OBJC_ISA_USAGE = YES_ERROR;
				CLANG_WARN_EMPTY_BODY = YES;
				CLANG_WARN_ENUM_CONVERSION = YES;
				CLANG_WARN_INT_CONVERSION = YES;
				CLANG_WARN_OBJC_ROOT_CLASS = YES_ERROR;
				CLANG_WARN_UNREACHABLE_CODE = YES;
				CLANG_WARN__DUPLICATE_METHOD_MATCH = YES;
				"CODE_SIGN_IDENTITY[sdk=iphoneos*]" = "iPhone Developer";
				COPY_PHASE_STRIP = NO;
				DEBUG_INFORMATION_FORMAT = "dwarf-with-dsym";
				ENABLE_NS_ASSERTIONS = NO;
				ENABLE_STRICT_OBJC_MSGSEND = YES;
				GCC_C_LANGUAGE_STANDARD = gnu99;
				GCC_NO_COMMON_BLOCKS = YES;
				GCC_WARN_64_TO_32_BIT_CONVERSION = YES;
				GCC_WARN_ABOUT_RETURN_TYPE = YES_ERROR;
				GCC_WARN_UNDECLARED_SELECTOR = YES;
				GCC_WARN_UNINITIALIZED_AUTOS = YES_AGGRESSIVE;
				GCC_WARN_UNUSED_FUNCTION = YES;
				GCC_WARN_UNUSED_VARIABLE = YES;
				IPHONEOS_DEPLOYMENT_TARGET = 9.3;
				MTL_ENABLE_DEBUG_INFO = NO;
				SDKROOT = iphoneos;
				VALIDATE_PRODUCT = YES;
			};
			name = Release;
		};
		9C9B45F61CAE783500A032BA /* Debug */ = {
			isa = XCBuildConfiguration;
			baseConfigurationReference = AA285BBE0270B0A8FE2C6BE5 /* Pods-ITMVVMDemo.debug.xcconfig */;
			buildSettings = {
				ASSETCATALOG_COMPILER_APPICON_NAME = AppIcon;
				CODE_SIGN_IDENTITY = "iPhone Developer: 伟 魏 (2872L6DVU2)";
				GCC_PREFIX_HEADER = "${SRCROOT}/ITMVVMDemo/Config/PrefixHeader.pch";
				INFOPLIST_FILE = ITMVVMDemo/Info.plist;
				LD_RUNPATH_SEARCH_PATHS = "$(inherited) @executable_path/Frameworks";
				PRODUCT_BUNDLE_IDENTIFIER = com.it05.helloworld123456;
				PRODUCT_NAME = "$(TARGET_NAME)";
				PROVISIONING_PROFILE = "5b68c3c3-a80d-46cc-a2e4-0b285d9bd217";
				USER_HEADER_SEARCH_PATHS = "${SRCROOT}/**";
			};
			name = Debug;
		};
		9C9B45F71CAE783500A032BA /* Release */ = {
			isa = XCBuildConfiguration;
			baseConfigurationReference = 807FB9237CD6253BF592BD37 /* Pods-ITMVVMDemo.release.xcconfig */;
			buildSettings = {
				ASSETCATALOG_COMPILER_APPICON_NAME = AppIcon;
				GCC_PREFIX_HEADER = "${SRCROOT}/ITMVVMDemo/Config/PrefixHeader.pch";
				INFOPLIST_FILE = ITMVVMDemo/Info.plist;
				LD_RUNPATH_SEARCH_PATHS = "$(inherited) @executable_path/Frameworks";
				PRODUCT_BUNDLE_IDENTIFIER = com.IT.ITMVVMDemo;
				PRODUCT_NAME = "$(TARGET_NAME)";
				PROVISIONING_PROFILE = "5b68c3c3-a80d-46cc-a2e4-0b285d9bd217";
				USER_HEADER_SEARCH_PATHS = "${SRCROOT}/**";
			};
			name = Release;
		};
/* End XCBuildConfiguration section */

/* Begin XCConfigurationList section */
		9C9B45D91CAE783500A032BA /* Build configuration list for PBXProject "ITMVVMDemo" */ = {
			isa = XCConfigurationList;
			buildConfigurations = (
				9C9B45F31CAE783500A032BA /* Debug */,
				9C9B45F41CAE783500A032BA /* Release */,
			);
			defaultConfigurationIsVisible = 0;
			defaultConfigurationName = Release;
		};
		9C9B45F51CAE783500A032BA /* Build configuration list for PBXNativeTarget "ITMVVMDemo" */ = {
			isa = XCConfigurationList;
			buildConfigurations = (
				9C9B45F61CAE783500A032BA /* Debug */,
				9C9B45F71CAE783500A032BA /* Release */,
			);
			defaultConfigurationIsVisible = 0;
			defaultConfigurationName = Release;
		};
/* End XCConfigurationList section */
	};
	rootObject = 9C9B45D61CAE783500A032BA /* Project object */;
}
